
Microsoft Visual Studio Solution File, Format Version 12.00
# Visual Studio 14
VisualStudioVersion = 14.0.24720.0
MinimumVisualStudioVersion = 10.0.40219.1
Project("{FAE04EC0-301F-11D3-BF4B-00C04F79EFBC}") = "FlowNet", "OF.NET\FlowNet.csproj", "{092D8AED-BAF3-4AA9-A5BD-80432BE7222D}"
EndProject
Project("{FAE04EC0-301F-11D3-BF4B-00C04F79EFBC}") = "FlowNetTests", "FlowNetTests\FlowNetTests.csproj", "{5A6E1E9A-68B8-4532-B3CC-D6752C6134B7}"
EndProject
Global
	GlobalSection(SolutionConfigurationPlatforms) = preSolution
		Debug|Any CPU = Debug|Any CPU
		Release|Any CPU = Release|Any CPU
	EndGlobalSection
	GlobalSection(ProjectConfigurationPlatforms) = postSolution
		{092D8AED-BAF3-4AA9-A5BD-80432BE7222D}.Debug|Any CPU.ActiveCfg = Debug|Any CPU
		{092D8AED-BAF3-4AA9-A5BD-80432BE7222D}.Debug|Any CPU.Build.0 = Debug|Any CPU
		{092D8AED-BAF3-4AA9-A5BD-80432BE7222D}.Release|Any CPU.ActiveCfg = Release|Any CPU
		{092D8AED-BAF3-4AA9-A5BD-80432BE7222D}.Release|Any CPU.Build.0 = Release|Any CPU
		{5A6E1E9A-68B8-4532-B3CC-D6752C6134B7}.Debug|Any CPU.ActiveCfg = Debug|Any CPU
		{5A6E1E9A-68B8-4532-B3CC-D6752C6134B7}.Debug|Any CPU.Build.0 = Debug|Any CPU
		{5A6E1E9A-68B8-4532-B3CC-D6752C6134B7}.Release|Any CPU.ActiveCfg = Release|Any CPU
		{5A6E1E9A-68B8-4532-B3CC-D6752C6134B7}.Release|Any CPU.Build.0 = Release|Any CPU
	EndGlobalSection
	GlobalSection(SolutionProperties) = preSolution
		HideSolutionNode = FALSE
	EndGlobalSection
EndGlobal
